
Microsoft Visual Studio Solution File, Format Version 12.00
# Visual Studio Version 17
VisualStudioVersion = 17.11.35219.272
MinimumVisualStudioVersion = 10.0.40219.1
Project("{FAE04EC0-301F-11D3-BF4B-00C04F79EFBC}") = "LINQDemo", "LINQDemo\LINQDemo.csproj", "{D70F5F67-C748-48F2-840D-BBA02616362E}"
EndProject
Global
	GlobalSection(SolutionConfigurationPlatforms) = preSolution
		Debug|Any CPU = Debug|Any CPU
		Release|Any CPU = Release|Any CPU
	EndGlobalSection
	GlobalSection(ProjectConfigurationPlatforms) = postSolution
		{D70F5F67-C748-48F2-840D-BBA02616362E}.Debug|Any CPU.ActiveCfg = Debug|Any CPU
		{D70F5F67-C748-48F2-840D-BBA02616362E}.Debug|Any CPU.Build.0 = Debug|Any CPU
		{D70F5F67-C748-48F2-840D-BBA02616362E}.Release|Any CPU.ActiveCfg = Release|Any CPU
		{D70F5F67-C748-48F2-840D-BBA02616362E}.Release|Any CPU.Build.0 = Release|Any CPU
	EndGlobalSection
	GlobalSection(SolutionProperties) = preSolution
		HideSolutionNode = FALSE
	EndGlobalSection
	GlobalSection(ExtensibilityGlobals) = postSolution
		SolutionGuid = {AEB72E3B-FBFC-4688-89C9-C8EE2B12EE19}
	EndGlobalSection
EndGlobal
